// !$*UTF8*$!
{
	archiveVersion = 1;
	classes = {
	};
	objectVersion = 56;
	objects = {

/* Begin PBXBuildFile section */
		EBA2BE292BECE498007CBAAF /* MovieRadarApp.swift in Sources */ = {isa = PBXBuildFile; fileRef = EBA2BE282BECE498007CBAAF /* MovieRadarApp.swift */; };
		EBA2BE2B2BECE498007CBAAF /* MovieListView.swift in Sources */ = {isa = PBXBuildFile; fileRef = EBA2BE2A2BECE498007CBAAF /* MovieListView.swift */; };
		EBA2BE2D2BECE499007CBAAF /* Assets.xcassets in Resources */ = {isa = PBXBuildFile; fileRef = EBA2BE2C2BECE499007CBAAF /* Assets.xcassets */; };
		EBA2BE302BECE499007CBAAF /* Preview Assets.xcassets in Resources */ = {isa = PBXBuildFile; fileRef = EBA2BE2F2BECE499007CBAAF /* Preview Assets.xcassets */; };
		EBA2BE3B2BECE575007CBAAF /* Movie.swift in Sources */ = {isa = PBXBuildFile; fileRef = EBA2BE3A2BECE575007CBAAF /* Movie.swift */; };
		EBA2BE3E2BECE949007CBAAF /* DownloaderClient.swift in Sources */ = {isa = PBXBuildFile; fileRef = EBA2BE3D2BECE949007CBAAF /* DownloaderClient.swift */; };
		EBA2BE412BED18AC007CBAAF /* MovieViewModel.swift in Sources */ = {isa = PBXBuildFile; fileRef = EBA2BE402BED18AC007CBAAF /* MovieViewModel.swift */; };
		EBA2BE432BF252FF007CBAAF /* ImageDownloaderClient.swift in Sources */ = {isa = PBXBuildFile; fileRef = EBA2BE422BF252FF007CBAAF /* ImageDownloaderClient.swift */; };
		EBA2BE452BF25527007CBAAF /* SpecialImage.swift in Sources */ = {isa = PBXBuildFile; fileRef = EBA2BE442BF25527007CBAAF /* SpecialImage.swift */; };
		EBA2BE472BF40671007CBAAF /* MovieDetail.swift in Sources */ = {isa = PBXBuildFile; fileRef = EBA2BE462BF40671007CBAAF /* MovieDetail.swift */; };
		EBA2BE492BF40A45007CBAAF /* MovieDetailViewModel.swift in Sources */ = {isa = PBXBuildFile; fileRef = EBA2BE482BF40A45007CBAAF /* MovieDetailViewModel.swift */; };
		EBA2BE4B2BF40C51007CBAAF /* DetailView.swift in Sources */ = {isa = PBXBuildFile; fileRef = EBA2BE4A2BF40C51007CBAAF /* DetailView.swift */; };
/* End PBXBuildFile section */

/* Begin PBXFileReference section */
		EBA2BE252BECE498007CBAAF /* MovieRadar.app */ = {isa = PBXFileReference; explicitFileType = wrapper.application; includeInIndex = 0; path = MovieRadar.app; sourceTree = BUILT_PRODUCTS_DIR; };
		EBA2BE282BECE498007CBAAF /* MovieRadarApp.swift */ = {isa = PBXFileReference; lastKnownFileType = sourcecode.swift; path = MovieRadarApp.swift; sourceTree = "<group>"; };
		EBA2BE2A2BECE498007CBAAF /* MovieListView.swift */ = {isa = PBXFileReference; lastKnownFileType = sourcecode.swift; path = MovieListView.swift; sourceTree = "<group>"; };
		EBA2BE2C2BECE499007CBAAF /* Assets.xcassets */ = {isa = PBXFileReference; lastKnownFileType = folder.assetcatalog; path = Assets.xcassets; sourceTree = "<group>"; };
		EBA2BE2F2BECE499007CBAAF /* Preview Assets.xcassets */ = {isa = PBXFileReference; lastKnownFileType = folder.assetcatalog; path = "Preview Assets.xcassets"; sourceTree = "<group>"; };
		EBA2BE3A2BECE575007CBAAF /* Movie.swift */ = {isa = PBXFileReference; lastKnownFileType = sourcecode.swift; path = Movie.swift; sourceTree = "<group>"; };
		EBA2BE3D2BECE949007CBAAF /* DownloaderClient.swift */ = {isa = PBXFileReference; lastKnownFileType = sourcecode.swift; path = DownloaderClient.swift; sourceTree = "<group>"; };
		EBA2BE3F2BED0590007CBAAF /* Info.plist */ = {isa = PBXFileReference; lastKnownFileType = text.plist; path = Info.plist; sourceTree = "<group>"; };
		EBA2BE402BED18AC007CBAAF /* MovieViewModel.swift */ = {isa = PBXFileReference; lastKnownFileType = sourcecode.swift; path = MovieViewModel.swift; sourceTree = "<group>"; };
		EBA2BE422BF252FF007CBAAF /* ImageDownloaderClient.swift */ = {isa = PBXFileReference; lastKnownFileType = sourcecode.swift; path = ImageDownloaderClient.swift; sourceTree = "<group>"; };
		EBA2BE442BF25527007CBAAF /* SpecialImage.swift */ = {isa = PBXFileReference; lastKnownFileType = sourcecode.swift; path = SpecialImage.swift; sourceTree = "<group>"; };
		EBA2BE462BF40671007CBAAF /* MovieDetail.swift */ = {isa = PBXFileReference; lastKnownFileType = sourcecode.swift; path = MovieDetail.swift; sourceTree = "<group>"; };
		EBA2BE482BF40A45007CBAAF /* MovieDetailViewModel.swift */ = {isa = PBXFileReference; lastKnownFileType = sourcecode.swift; path = MovieDetailViewModel.swift; sourceTree = "<group>"; };
		EBA2BE4A2BF40C51007CBAAF /* DetailView.swift */ = {isa = PBXFileReference; lastKnownFileType = sourcecode.swift; path = DetailView.swift; sourceTree = "<group>"; };
/* End PBXFileReference section */

/* Begin PBXFrameworksBuildPhase section */
		EBA2BE222BECE498007CBAAF /* Frameworks */ = {
			isa = PBXFrameworksBuildPhase;
			buildActionMask = 2147483647;
			files = (
			);
			runOnlyForDeploymentPostprocessing = 0;
		};
/* End PBXFrameworksBuildPhase section */

/* Begin PBXGroup section */
		EBA2BE1C2BECE498007CBAAF = {
			isa = PBXGroup;
			children = (
				EBA2BE272BECE498007CBAAF /* MovieRadar */,
				EBA2BE262BECE498007CBAAF /* Products */,
			);
			sourceTree = "<group>";
		};
		EBA2BE262BECE498007CBAAF /* Products */ = {
			isa = PBXGroup;
			children = (
				EBA2BE252BECE498007CBAAF /* MovieRadar.app */,
			);
			name = Products;
			sourceTree = "<group>";
		};
		EBA2BE272BECE498007CBAAF /* MovieRadar */ = {
			isa = PBXGroup;
			children = (
				EBA2BE3C2BECE937007CBAAF /* Service */,
				EBA2BE362BECE4DB007CBAAF /* App */,
				EBA2BE372BECE4E4007CBAAF /* View */,
				EBA2BE382BECE4E9007CBAAF /* ViewModel */,
				EBA2BE392BECE506007CBAAF /* Model */,
				EBA2BE2C2BECE499007CBAAF /* Assets.xcassets */,
				EBA2BE3F2BED0590007CBAAF /* Info.plist */,
				EBA2BE2E2BECE499007CBAAF /* Preview Content */,
			);
			path = MovieRadar;
			sourceTree = "<group>";
		};
		EBA2BE2E2BECE499007CBAAF /* Preview Content */ = {
			isa = PBXGroup;
			children = (
				EBA2BE2F2BECE499007CBAAF /* Preview Assets.xcassets */,
			);
			path = "Preview Content";
			sourceTree = "<group>";
		};
		EBA2BE362BECE4DB007CBAAF /* App */ = {
			isa = PBXGroup;
			children = (
				EBA2BE282BECE498007CBAAF /* MovieRadarApp.swift */,
			);
			path = App;
			sourceTree = "<group>";
		};
		EBA2BE372BECE4E4007CBAAF /* View */ = {
			isa = PBXGroup;
			children = (
				EBA2BE2A2BECE498007CBAAF /* MovieListView.swift */,
				EBA2BE442BF25527007CBAAF /* SpecialImage.swift */,
				EBA2BE4A2BF40C51007CBAAF /* DetailView.swift */,
			);
			path = View;
			sourceTree = "<group>";
		};
		EBA2BE382BECE4E9007CBAAF /* ViewModel */ = {
			isa = PBXGroup;
			children = (
				EBA2BE402BED18AC007CBAAF /* MovieViewModel.swift */,
				EBA2BE482BF40A45007CBAAF /* MovieDetailViewModel.swift */,
			);
			path = ViewModel;
			sourceTree = "<group>";
		};
		EBA2BE392BECE506007CBAAF /* Model */ = {
			isa = PBXGroup;
			children = (
				EBA2BE3A2BECE575007CBAAF /* Movie.swift */,
				EBA2BE462BF40671007CBAAF /* MovieDetail.swift */,
			);
			path = Model;
			sourceTree = "<group>";
		};
		EBA2BE3C2BECE937007CBAAF /* Service */ = {
			isa = PBXGroup;
			children = (
				EBA2BE3D2BECE949007CBAAF /* DownloaderClient.swift */,
				EBA2BE422BF252FF007CBAAF /* ImageDownloaderClient.swift */,
			);
			path = Service;
			sourceTree = "<group>";
		};
/* End PBXGroup section */

/* Begin PBXNativeTarget section */
		EBA2BE242BECE498007CBAAF /* MovieRadar */ = {
			isa = PBXNativeTarget;
			buildConfigurationList = EBA2BE332BECE499007CBAAF /* Build configuration list for PBXNativeTarget "MovieRadar" */;
			buildPhases = (
				EBA2BE212BECE498007CBAAF /* Sources */,
				EBA2BE222BECE498007CBAAF /* Frameworks */,
				EBA2BE232BECE498007CBAAF /* Resources */,
			);
			buildRules = (
			);
			dependencies = (
			);
			name = MovieRadar;
			productName = MovieRadar;
			productReference = EBA2BE252BECE498007CBAAF /* MovieRadar.app */;
			productType = "com.apple.product-type.application";
		};
/* End PBXNativeTarget section */

/* Begin PBXProject section */
		EBA2BE1D2BECE498007CBAAF /* Project object */ = {
			isa = PBXProject;
			attributes = {
				BuildIndependentTargetsInParallel = 1;
				LastSwiftUpdateCheck = 1420;
				LastUpgradeCheck = 1420;
				TargetAttributes = {
					EBA2BE242BECE498007CBAAF = {
						CreatedOnToolsVersion = 14.2;
					};
				};
			};
			buildConfigurationList = EBA2BE202BECE498007CBAAF /* Build configuration list for PBXProject "MovieRadar" */;
			compatibilityVersion = "Xcode 14.0";
			developmentRegion = en;
			hasScannedForEncodings = 0;
			knownRegions = (
				en,
				Base,
			);
			mainGroup = EBA2BE1C2BECE498007CBAAF;
			productRefGroup = EBA2BE262BECE498007CBAAF /* Products */;
			projectDirPath = "";
			projectRoot = "";
			targets = (
				EBA2BE242BECE498007CBAAF /* MovieRadar */,
			);
		};
/* End PBXProject section */

/* Begin PBXResourcesBuildPhase section */
		EBA2BE232BECE498007CBAAF /* Resources */ = {
			isa = PBXResourcesBuildPhase;
			buildActionMask = 2147483647;
			files = (
				EBA2BE302BECE499007CBAAF /* Preview Assets.xcassets in Resources */,
				EBA2BE2D2BECE499007CBAAF /* Assets.xcassets in Resources */,
			);
			runOnlyForDeploymentPostprocessing = 0;
		};
/* End PBXResourcesBuildPhase section */

/* Begin PBXSourcesBuildPhase section */
		EBA2BE212BECE498007CBAAF /* Sources */ = {
			isa = PBXSourcesBuildPhase;
			buildActionMask = 2147483647;
			files = (
				EBA2BE2B2BECE498007CBAAF /* MovieListView.swift in Sources */,
				EBA2BE412BED18AC007CBAAF /* MovieViewModel.swift in Sources */,
				EBA2BE452BF25527007CBAAF /* SpecialImage.swift in Sources */,
				EBA2BE4B2BF40C51007CBAAF /* DetailView.swift in Sources */,
				EBA2BE292BECE498007CBAAF /* MovieRadarApp.swift in Sources */,
				EBA2BE3B2BECE575007CBAAF /* Movie.swift in Sources */,
				EBA2BE3E2BECE949007CBAAF /* DownloaderClient.swift in Sources */,
				EBA2BE432BF252FF007CBAAF /* ImageDownloaderClient.swift in Sources */,
				EBA2BE472BF40671007CBAAF /* MovieDetail.swift in Sources */,
				EBA2BE492BF40A45007CBAAF /* MovieDetailViewModel.swift in Sources */,
			);
			runOnlyForDeploymentPostprocessing = 0;
		};
/* End PBXSourcesBuildPhase section */

/* Begin XCBuildConfiguration section */
		EBA2BE312BECE499007CBAAF /* Debug */ = {
			isa = XCBuildConfiguration;
			buildSettings = {
				ALWAYS_SEARCH_USER_PATHS = NO;
				CLANG_ANALYZER_NONNULL = YES;
				CLANG_ANALYZER_NUMBER_OBJECT_CONVERSION = YES_AGGRESSIVE;
				CLANG_CXX_LANGUAGE_STANDARD = "gnu++20";
				CLANG_ENABLE_MODULES = YES;
				CLANG_ENABLE_OBJC_ARC = YES;
				CLANG_ENABLE_OBJC_WEAK = YES;
				CLANG_WARN_BLOCK_CAPTURE_AUTORELEASING = YES;
				CLANG_WARN_BOOL_CONVERSION = YES;
				CLANG_WARN_COMMA = YES;
				CLANG_WARN_CONSTANT_CONVERSION = YES;
				CLANG_WARN_DEPRECATED_OBJC_IMPLEMENTATIONS = YES;
				CLANG_WARN_DIRECT_OBJC_ISA_USAGE = YES_ERROR;
				CLANG_WARN_DOCUMENTATION_COMMENTS = YES;
				CLANG_WARN_EMPTY_BODY = YES;
				CLANG_WARN_ENUM_CONVERSION = YES;
				CLANG_WARN_INFINITE_RECURSION = YES;
				CLANG_WARN_INT_CONVERSION = YES;
				CLANG_WARN_NON_LITERAL_NULL_CONVERSION = YES;
				CLANG_WARN_OBJC_IMPLICIT_RETAIN_SELF = YES;
				CLANG_WARN_OBJC_LITERAL_CONVERSION = YES;
				CLANG_WARN_OBJC_ROOT_CLASS = YES_ERROR;
				CLANG_WARN_QUOTED_INCLUDE_IN_FRAMEWORK_HEADER = YES;
				CLANG_WARN_RANGE_LOOP_ANALYSIS = YES;
				CLANG_WARN_STRICT_PROTOTYPES = YES;
				CLANG_WARN_SUSPICIOUS_MOVE = YES;
				CLANG_WARN_UNGUARDED_AVAILABILITY = YES_AGGRESSIVE;
				CLANG_WARN_UNREACHABLE_CODE = YES;
				CLANG_WARN__DUPLICATE_METHOD_MATCH = YES;
				COPY_PHASE_STRIP = NO;
				DEBUG_INFORMATION_FORMAT = dwarf;
				ENABLE_STRICT_OBJC_MSGSEND = YES;
				ENABLE_TESTABILITY = YES;
				GCC_C_LANGUAGE_STANDARD = gnu11;
				GCC_DYNAMIC_NO_PIC = NO;
				GCC_NO_COMMON_BLOCKS = YES;
				GCC_OPTIMIZATION_LEVEL = 0;
				GCC_PREPROCESSOR_DEFINITIONS = (
					"DEBUG=1",
					"$(inherited)",
				);
				GCC_WARN_64_TO_32_BIT_CONVERSION = YES;
				GCC_WARN_ABOUT_RETURN_TYPE = YES_ERROR;
				GCC_WARN_UNDECLARED_SELECTOR = YES;
				GCC_WARN_UNINITIALIZED_AUTOS = YES_AGGRESSIVE;
				GCC_WARN_UNUSED_FUNCTION = YES;
				GCC_WARN_UNUSED_VARIABLE = YES;
				IPHONEOS_DEPLOYMENT_TARGET = 16.2;
				MTL_ENABLE_DEBUG_INFO = INCLUDE_SOURCE;
				MTL_FAST_MATH = YES;
				ONLY_ACTIVE_ARCH = YES;
				SDKROOT = iphoneos;
				SWIFT_ACTIVE_COMPILATION_CONDITIONS = DEBUG;
				SWIFT_OPTIMIZATION_LEVEL = "-Onone";
			};
			name = Debug;
		};
		EBA2BE322BECE499007CBAAF /* Release */ = {
			isa = XCBuildConfiguration;
			buildSettings = {
				ALWAYS_SEARCH_USER_PATHS = NO;
				CLANG_ANALYZER_NONNULL = YES;
				CLANG_ANALYZER_NUMBER_OBJECT_CONVERSION = YES_AGGRESSIVE;
				CLANG_CXX_LANGUAGE_STANDARD = "gnu++20";
				CLANG_ENABLE_MODULES = YES;
				CLANG_ENABLE_OBJC_ARC = YES;
				CLANG_ENABLE_OBJC_WEAK = YES;
				CLANG_WARN_BLOCK_CAPTURE_AUTORELEASING = YES;
				CLANG_WARN_BOOL_CONVERSION = YES;
				CLANG_WARN_COMMA = YES;
				CLANG_WARN_CONSTANT_CONVERSION = YES;
				CLANG_WARN_DEPRECATED_OBJC_IMPLEMENTATIONS = YES;
				CLANG_WARN_DIRECT_OBJC_ISA_USAGE = YES_ERROR;
				CLANG_WARN_DOCUMENTATION_COMMENTS = YES;
				CLANG_WARN_EMPTY_BODY = YES;
				CLANG_WARN_ENUM_CONVERSION = YES;
				CLANG_WARN_INFINITE_RECURSION = YES;
				CLANG_WARN_INT_CONVERSION = YES;
				CLANG_WARN_NON_LITERAL_NULL_CONVERSION = YES;
				CLANG_WARN_OBJC_IMPLICIT_RETAIN_SELF = YES;
				CLANG_WARN_OBJC_LITERAL_CONVERSION = YES;
				CLANG_WARN_OBJC_ROOT_CLASS = YES_ERROR;
				CLANG_WARN_QUOTED_INCLUDE_IN_FRAMEWORK_HEADER = YES;
				CLANG_WARN_RANGE_LOOP_ANALYSIS = YES;
				CLANG_WARN_STRICT_PROTOTYPES = YES;
				CLANG_WARN_SUSPICIOUS_MOVE = YES;
				CLANG_WARN_UNGUARDED_AVAILABILITY = YES_AGGRESSIVE;
				CLANG_WARN_UNREACHABLE_CODE = YES;
				CLANG_WARN__DUPLICATE_METHOD_MATCH = YES;
				COPY_PHASE_STRIP = NO;
				DEBUG_INFORMATION_FORMAT = "dwarf-with-dsym";
				ENABLE_NS_ASSERTIONS = NO;
				ENABLE_STRICT_OBJC_MSGSEND = YES;
				GCC_C_LANGUAGE_STANDARD = gnu11;
				GCC_NO_COMMON_BLOCKS = YES;
				GCC_WARN_64_TO_32_BIT_CONVERSION = YES;
				GCC_WARN_ABOUT_RETURN_TYPE = YES_ERROR;
				GCC_WARN_UNDECLARED_SELECTOR = YES;
				GCC_WARN_UNINITIALIZED_AUTOS = YES_AGGRESSIVE;
				GCC_WARN_UNUSED_FUNCTION = YES;
				GCC_WARN_UNUSED_VARIABLE = YES;
				IPHONEOS_DEPLOYMENT_TARGET = 16.2;
				MTL_ENABLE_DEBUG_INFO = NO;
				MTL_FAST_MATH = YES;
				SDKROOT = iphoneos;
				SWIFT_COMPILATION_MODE = wholemodule;
				SWIFT_OPTIMIZATION_LEVEL = "-O";
				VALIDATE_PRODUCT = YES;
			};
			name = Release;
		};
		EBA2BE342BECE499007CBAAF /* Debug */ = {
			isa = XCBuildConfiguration;
			buildSettings = {
				ASSETCATALOG_COMPILER_APPICON_NAME = AppIcon;
				ASSETCATALOG_COMPILER_GLOBAL_ACCENT_COLOR_NAME = AccentColor;
				CODE_SIGN_STYLE = Automatic;
				CURRENT_PROJECT_VERSION = 1;
				DEVELOPMENT_ASSET_PATHS = "\"MovieRadar/Preview Content\"";
				DEVELOPMENT_TEAM = A7P92PH4B4;
				ENABLE_PREVIEWS = YES;
				GENERATE_INFOPLIST_FILE = YES;
				INFOPLIST_FILE = MovieRadar/Info.plist;
				INFOPLIST_KEY_UIApplicationSceneManifest_Generation = YES;
				INFOPLIST_KEY_UIApplicationSupportsIndirectInputEvents = YES;
				INFOPLIST_KEY_UILaunchScreen_Generation = YES;
				INFOPLIST_KEY_UISupportedInterfaceOrientations_iPad = "UIInterfaceOrientationPortrait UIInterfaceOrientationPortraitUpsideDown UIInterfaceOrientationLandscapeLeft UIInterfaceOrientationLandscapeRight";
				INFOPLIST_KEY_UISupportedInterfaceOrientations_iPhone = "UIInterfaceOrientationPortrait UIInterfaceOrientationLandscapeLeft UIInterfaceOrientationLandscapeRight";
				LD_RUNPATH_SEARCH_PATHS = (
					"$(inherited)",
					"@executable_path/Frameworks",
				);
				MARKETING_VERSION = 1.0;
				PRODUCT_BUNDLE_IDENTIFIER = com.sualpdanaci.MovieRadar;
				PRODUCT_NAME = "$(TARGET_NAME)";
				SWIFT_EMIT_LOC_STRINGS = YES;
				SWIFT_VERSION = 5.0;
				TARGETED_DEVICE_FAMILY = "1,2";
			};
			name = Debug;
		};
		EBA2BE352BECE499007CBAAF /* Release */ = {
			isa = XCBuildConfiguration;
			buildSettings = {
				ASSETCATALOG_COMPILER_APPICON_NAME = AppIcon;
				ASSETCATALOG_COMPILER_GLOBAL_ACCENT_COLOR_NAME = AccentColor;
				CODE_SIGN_STYLE = Automatic;
				CURRENT_PROJECT_VERSION = 1;
				DEVELOPMENT_ASSET_PATHS = "\"MovieRadar/Preview Content\"";
				DEVELOPMENT_TEAM = A7P92PH4B4;
				ENABLE_PREVIEWS = YES;
				GENERATE_INFOPLIST_FILE = YES;
				INFOPLIST_FILE = MovieRadar/Info.plist;
				INFOPLIST_KEY_UIApplicationSceneManifest_Generation = YES;
				INFOPLIST_KEY_UIApplicationSupportsIndirectInputEvents = YES;
				INFOPLIST_KEY_UILaunchScreen_Generation = YES;
				INFOPLIST_KEY_UISupportedInterfaceOrientations_iPad = "UIInterfaceOrientationPortrait UIInterfaceOrientationPortraitUpsideDown UIInterfaceOrientationLandscapeLeft UIInterfaceOrientationLandscapeRight";
				INFOPLIST_KEY_UISupportedInterfaceOrientations_iPhone = "UIInterfaceOrientationPortrait UIInterfaceOrientationLandscapeLeft UIInterfaceOrientationLandscapeRight";
				LD_RUNPATH_SEARCH_PATHS = (
					"$(inherited)",
					"@executable_path/Frameworks",
				);
				MARKETING_VERSION = 1.0;
				PRODUCT_BUNDLE_IDENTIFIER = com.sualpdanaci.MovieRadar;
				PRODUCT_NAME = "$(TARGET_NAME)";
				SWIFT_EMIT_LOC_STRINGS = YES;
				SWIFT_VERSION = 5.0;
				TARGETED_DEVICE_FAMILY = "1,2";
			};
			name = Release;
		};
/* End XCBuildConfiguration section */

/* Begin XCConfigurationList section */
		EBA2BE202BECE498007CBAAF /* Build configuration list for PBXProject "MovieRadar" */ = {
			isa = XCConfigurationList;
			buildConfigurations = (
				EBA2BE312BECE499007CBAAF /* Debug */,
				EBA2BE322BECE499007CBAAF /* Release */,
			);
			defaultConfigurationIsVisible = 0;
			defaultConfigurationName = Release;
		};
		EBA2BE332BECE499007CBAAF /* Build configuration list for PBXNativeTarget "MovieRadar" */ = {
			isa = XCConfigurationList;
			buildConfigurations = (
				EBA2BE342BECE499007CBAAF /* Debug */,
				EBA2BE352BECE499007CBAAF /* Release */,
			);
			defaultConfigurationIsVisible = 0;
			defaultConfigurationName = Release;
		};
/* End XCConfigurationList section */
	};
	rootObject = EBA2BE1D2BECE498007CBAAF /* Project object */;
}
